
Microsoft Visual Studio Solution File, Format Version 12.00
# Visual Studio Version 17
VisualStudioVersion = 17.11.35303.130
MinimumVisualStudioVersion = 10.0.40219.1
Project("{FAE04EC0-301F-11D3-BF4B-00C04F79EFBC}") = "Store_Manager", "Store_Manager.csproj", "{4DF5C3C6-F68D-4493-AE15-9EC3D1C9575C}"
EndProject
Global
	GlobalSection(SolutionConfigurationPlatforms) = preSolution
		Debug|Any CPU = Debug|Any CPU
		Release|Any CPU = Release|Any CPU
	EndGlobalSection
	GlobalSection(ProjectConfigurationPlatforms) = postSolution
		{4DF5C3C6-F68D-4493-AE15-9EC3D1C9575C}.Debug|Any CPU.ActiveCfg = Debug|Any CPU
		{4DF5C3C6-F68D-4493-AE15-9EC3D1C9575C}.Debug|Any CPU.Build.0 = Debug|Any CPU
		{4DF5C3C6-F68D-4493-AE15-9EC3D1C9575C}.Release|Any CPU.ActiveCfg = Release|Any CPU
		{4DF5C3C6-F68D-4493-AE15-9EC3D1C9575C}.Release|Any CPU.Build.0 = Release|Any CPU
	EndGlobalSection
	GlobalSection(SolutionProperties) = preSolution
		HideSolutionNode = FALSE
	EndGlobalSection
	GlobalSection(ExtensibilityGlobals) = postSolution
		SolutionGuid = {FAF2CE32-BF4D-40DF-AB72-E595D2FBE4E5}
	EndGlobalSection
EndGlobal
